
Microsoft Visual Studio Solution File, Format Version 12.00
# Visual Studio Version 17
VisualStudioVersion = 17.5.002.0
MinimumVisualStudioVersion = 10.0.40219.1
Project("{9A19103F-16F7-4668-BE54-9A1E7A4F7556}") = "TaskManagerApp", "TaskManagerApp.csproj", "{261B043A-3C2D-4D3B-B661-1F8DE978B010}"
EndProject
Global
	GlobalSection(SolutionConfigurationPlatforms) = preSolution
		Debug|Any CPU = Debug|Any CPU
		Release|Any CPU = Release|Any CPU
	EndGlobalSection
	GlobalSection(ProjectConfigurationPlatforms) = postSolution
		{261B043A-3C2D-4D3B-B661-1F8DE978B010}.Debug|Any CPU.ActiveCfg = Debug|Any CPU
		{261B043A-3C2D-4D3B-B661-1F8DE978B010}.Debug|Any CPU.Build.0 = Debug|Any CPU
		{261B043A-3C2D-4D3B-B661-1F8DE978B010}.Release|Any CPU.ActiveCfg = Release|Any CPU
		{261B043A-3C2D-4D3B-B661-1F8DE978B010}.Release|Any CPU.Build.0 = Release|Any CPU
	EndGlobalSection
	GlobalSection(SolutionProperties) = preSolution
		HideSolutionNode = FALSE
	EndGlobalSection
	GlobalSection(ExtensibilityGlobals) = postSolution
		SolutionGuid = {429B95A0-6315-49BF-A168-DBFAC6C3BF07}
	EndGlobalSection
EndGlobal
